
Microsoft Visual Studio Solution File, Format Version 12.00
Project("{FAE04EC0-301F-11D3-BF4B-00C04F79EFBC}") = "Entities", "Entities\Entities.csproj", "{773DB1AA-9646-4D46-9DBE-F3A55662F193}"
EndProject
Project("{FAE04EC0-301F-11D3-BF4B-00C04F79EFBC}") = "Business", "Business\Business.csproj", "{A0398405-2F85-4EAB-89E8-5B553905044E}"
EndProject
Project("{FAE04EC0-301F-11D3-BF4B-00C04F79EFBC}") = "DataAccess", "DataAccess\DataAccess.csproj", "{8B711B40-107F-446B-B70A-59B5D2ECF33D}"
EndProject
Project("{FAE04EC0-301F-11D3-BF4B-00C04F79EFBC}") = "ConsoleUI", "ConsoleUI\ConsoleUI.csproj", "{2E8D95C3-6B3A-4D1B-9019-C0DFAE150D81}"
EndProject
Global
	GlobalSection(SolutionConfigurationPlatforms) = preSolution
		Debug|Any CPU = Debug|Any CPU
		Release|Any CPU = Release|Any CPU
	EndGlobalSection
	GlobalSection(ProjectConfigurationPlatforms) = postSolution
		{773DB1AA-9646-4D46-9DBE-F3A55662F193}.Debug|Any CPU.ActiveCfg = Debug|Any CPU
		{773DB1AA-9646-4D46-9DBE-F3A55662F193}.Debug|Any CPU.Build.0 = Debug|Any CPU
		{773DB1AA-9646-4D46-9DBE-F3A55662F193}.Release|Any CPU.ActiveCfg = Release|Any CPU
		{773DB1AA-9646-4D46-9DBE-F3A55662F193}.Release|Any CPU.Build.0 = Release|Any CPU
		{A0398405-2F85-4EAB-89E8-5B553905044E}.Debug|Any CPU.ActiveCfg = Debug|Any CPU
		{A0398405-2F85-4EAB-89E8-5B553905044E}.Debug|Any CPU.Build.0 = Debug|Any CPU
		{A0398405-2F85-4EAB-89E8-5B553905044E}.Release|Any CPU.ActiveCfg = Release|Any CPU
		{A0398405-2F85-4EAB-89E8-5B553905044E}.Release|Any CPU.Build.0 = Release|Any CPU
		{8B711B40-107F-446B-B70A-59B5D2ECF33D}.Debug|Any CPU.ActiveCfg = Debug|Any CPU
		{8B711B40-107F-446B-B70A-59B5D2ECF33D}.Debug|Any CPU.Build.0 = Debug|Any CPU
		{8B711B40-107F-446B-B70A-59B5D2ECF33D}.Release|Any CPU.ActiveCfg = Release|Any CPU
		{8B711B40-107F-446B-B70A-59B5D2ECF33D}.Release|Any CPU.Build.0 = Release|Any CPU
		{2E8D95C3-6B3A-4D1B-9019-C0DFAE150D81}.Debug|Any CPU.ActiveCfg = Debug|Any CPU
		{2E8D95C3-6B3A-4D1B-9019-C0DFAE150D81}.Debug|Any CPU.Build.0 = Debug|Any CPU
		{2E8D95C3-6B3A-4D1B-9019-C0DFAE150D81}.Release|Any CPU.ActiveCfg = Release|Any CPU
		{2E8D95C3-6B3A-4D1B-9019-C0DFAE150D81}.Release|Any CPU.Build.0 = Release|Any CPU
	EndGlobalSection
EndGlobal
